
Microsoft Visual Studio Solution File, Format Version 12.00
# Visual Studio 14
VisualStudioVersion = 14.0.24720.0
MinimumVisualStudioVersion = 10.0.40219.1
Project("{FAE04EC0-301F-11D3-BF4B-00C04F79EFBC}") = "StudentRegistrationWinForm", "StudentRegistrationWinForm\StudentRegistrationWinForm.csproj", "{F576BA3B-3685-4163-8F81-7152969CCDC4}"
EndProject
Project("{FAE04EC0-301F-11D3-BF4B-00C04F79EFBC}") = "StudentRegistration.MVP", "MVP\StudentRegistration.MVP.csproj", "{F9A13A5D-1D54-49D7-B9EA-2F3763BD3EE1}"
EndProject
Global
	GlobalSection(SolutionConfigurationPlatforms) = preSolution
		Debug|Any CPU = Debug|Any CPU
		Release|Any CPU = Release|Any CPU
	EndGlobalSection
	GlobalSection(ProjectConfigurationPlatforms) = postSolution
		{F576BA3B-3685-4163-8F81-7152969CCDC4}.Debug|Any CPU.ActiveCfg = Debug|Any CPU
		{F576BA3B-3685-4163-8F81-7152969CCDC4}.Debug|Any CPU.Build.0 = Debug|Any CPU
		{F576BA3B-3685-4163-8F81-7152969CCDC4}.Release|Any CPU.ActiveCfg = Release|Any CPU
		{F576BA3B-3685-4163-8F81-7152969CCDC4}.Release|Any CPU.Build.0 = Release|Any CPU
		{F9A13A5D-1D54-49D7-B9EA-2F3763BD3EE1}.Debug|Any CPU.ActiveCfg = Debug|Any CPU
		{F9A13A5D-1D54-49D7-B9EA-2F3763BD3EE1}.Debug|Any CPU.Build.0 = Debug|Any CPU
		{F9A13A5D-1D54-49D7-B9EA-2F3763BD3EE1}.Release|Any CPU.ActiveCfg = Release|Any CPU
		{F9A13A5D-1D54-49D7-B9EA-2F3763BD3EE1}.Release|Any CPU.Build.0 = Release|Any CPU
	EndGlobalSection
	GlobalSection(SolutionProperties) = preSolution
		HideSolutionNode = FALSE
	EndGlobalSection
EndGlobal
